
Microsoft Visual Studio Solution File, Format Version 12.00
# Visual Studio Version 17
VisualStudioVersion = 17.7.34009.444
MinimumVisualStudioVersion = 10.0.40219.1
Project("{FAE04EC0-301F-11D3-BF4B-00C04F79EFBC}") = "TestCore Api", "TestCore Api\TestCore Api.csproj", "{62F454BA-0CF5-4536-A172-1E955AA8F372}"
EndProject
Global
	GlobalSection(SolutionConfigurationPlatforms) = preSolution
		Debug|Any CPU = Debug|Any CPU
		Release|Any CPU = Release|Any CPU
	EndGlobalSection
	GlobalSection(ProjectConfigurationPlatforms) = postSolution
		{62F454BA-0CF5-4536-A172-1E955AA8F372}.Debug|Any CPU.ActiveCfg = Debug|Any CPU
		{62F454BA-0CF5-4536-A172-1E955AA8F372}.Debug|Any CPU.Build.0 = Debug|Any CPU
		{62F454BA-0CF5-4536-A172-1E955AA8F372}.Release|Any CPU.ActiveCfg = Release|Any CPU
		{62F454BA-0CF5-4536-A172-1E955AA8F372}.Release|Any CPU.Build.0 = Release|Any CPU
	EndGlobalSection
	GlobalSection(SolutionProperties) = preSolution
		HideSolutionNode = FALSE
	EndGlobalSection
	GlobalSection(ExtensibilityGlobals) = postSolution
		SolutionGuid = {30F80452-4B59-46A9-BA99-778C5ED4E5F9}
	EndGlobalSection
EndGlobal
